
Microsoft Visual Studio Solution File, Format Version 12.00
# Visual Studio 2017
Project("{FAE04EC0-301F-11D3-BF4B-00C04F79EFBC}") = "WarOfCastle", "WarOfCastle.csproj", "{6804FE11-42CA-702F-119F-F5D870B79556}"
EndProject
Project("{FAE04EC0-301F-11D3-BF4B-00C04F79EFBC}") = "WarOfCastle.Editor", "WarOfCastle.Editor.csproj", "{853EAB21-C329-7FF4-E27F-62E0B8F27877}"
EndProject
Global
	GlobalSection(SolutionConfigurationPlatforms) = preSolution
		Debug|Any CPU = Debug|Any CPU
		Release|Any CPU = Release|Any CPU
	EndGlobalSection
	GlobalSection(ProjectConfigurationPlatforms) = postSolution
		{6804FE11-42CA-702F-119F-F5D870B79556}.Debug|Any CPU.ActiveCfg = Debug|Any CPU
		{6804FE11-42CA-702F-119F-F5D870B79556}.Debug|Any CPU.Build.0 = Debug|Any CPU
		{6804FE11-42CA-702F-119F-F5D870B79556}.Release|Any CPU.ActiveCfg = Release|Any CPU
		{6804FE11-42CA-702F-119F-F5D870B79556}.Release|Any CPU.Build.0 = Release|Any CPU
		{853EAB21-C329-7FF4-E27F-62E0B8F27877}.Debug|Any CPU.ActiveCfg = Debug|Any CPU
		{853EAB21-C329-7FF4-E27F-62E0B8F27877}.Debug|Any CPU.Build.0 = Debug|Any CPU
		{853EAB21-C329-7FF4-E27F-62E0B8F27877}.Release|Any CPU.ActiveCfg = Release|Any CPU
		{853EAB21-C329-7FF4-E27F-62E0B8F27877}.Release|Any CPU.Build.0 = Release|Any CPU
	EndGlobalSection
	GlobalSection(SolutionProperties) = preSolution
		HideSolutionNode = FALSE
	EndGlobalSection
EndGlobal
